
Microsoft Visual Studio Solution File, Format Version 12.00
Project("{2150E333-8FDC-42A3-9474-1A3956D46DE8}") = "Solution Items", "Solution Items", "{902B5634-EB2F-4BC9-9B3A-2D212F45FEDA}"
	ProjectSection(SolutionItems) = preProject
		docker-compose.yml = docker-compose.yml
		.gitignore = .gitignore
		README.md = README.md
	EndProjectSection
EndProject
Project("{FAE04EC0-301F-11D3-BF4B-00C04F79EFBC}") = "Producer", "Producer\Producer.csproj", "{D75F99FC-3B10-4BFA-A56A-CF8A81A1AAFA}"
EndProject
Project("{FAE04EC0-301F-11D3-BF4B-00C04F79EFBC}") = "Consumer", "Consumer\Consumer.csproj", "{60B14191-A204-4F1D-AA57-B33D00BA00D6}"
EndProject
Project("{FAE04EC0-301F-11D3-BF4B-00C04F79EFBC}") = "Shared", "Shared\Shared.csproj", "{B7CDDEE1-0BEF-474F-92E3-BF4CEE5804B5}"
EndProject
Global
	GlobalSection(SolutionConfigurationPlatforms) = preSolution
		Debug|Any CPU = Debug|Any CPU
		Release|Any CPU = Release|Any CPU
	EndGlobalSection
	GlobalSection(ProjectConfigurationPlatforms) = postSolution
		{D75F99FC-3B10-4BFA-A56A-CF8A81A1AAFA}.Debug|Any CPU.ActiveCfg = Debug|Any CPU
		{D75F99FC-3B10-4BFA-A56A-CF8A81A1AAFA}.Debug|Any CPU.Build.0 = Debug|Any CPU
		{D75F99FC-3B10-4BFA-A56A-CF8A81A1AAFA}.Release|Any CPU.ActiveCfg = Release|Any CPU
		{D75F99FC-3B10-4BFA-A56A-CF8A81A1AAFA}.Release|Any CPU.Build.0 = Release|Any CPU
		{60B14191-A204-4F1D-AA57-B33D00BA00D6}.Debug|Any CPU.ActiveCfg = Debug|Any CPU
		{60B14191-A204-4F1D-AA57-B33D00BA00D6}.Debug|Any CPU.Build.0 = Debug|Any CPU
		{60B14191-A204-4F1D-AA57-B33D00BA00D6}.Release|Any CPU.ActiveCfg = Release|Any CPU
		{60B14191-A204-4F1D-AA57-B33D00BA00D6}.Release|Any CPU.Build.0 = Release|Any CPU
		{B7CDDEE1-0BEF-474F-92E3-BF4CEE5804B5}.Debug|Any CPU.ActiveCfg = Debug|Any CPU
		{B7CDDEE1-0BEF-474F-92E3-BF4CEE5804B5}.Debug|Any CPU.Build.0 = Debug|Any CPU
		{B7CDDEE1-0BEF-474F-92E3-BF4CEE5804B5}.Release|Any CPU.ActiveCfg = Release|Any CPU
		{B7CDDEE1-0BEF-474F-92E3-BF4CEE5804B5}.Release|Any CPU.Build.0 = Release|Any CPU
	EndGlobalSection
EndGlobal
