
Microsoft Visual Studio Solution File, Format Version 12.00
Project("{FAE04EC0-301F-11D3-BF4B-00C04F79EFBC}") = "SFR", "SFR\SFR.csproj", "{22ECB4B7-0FE9-4940-8D22-307B4E2AB58C}"
EndProject
Global
	GlobalSection(SolutionConfigurationPlatforms) = preSolution
		Debug|Any CPU = Debug|Any CPU
		Release|Any CPU = Release|Any CPU
	EndGlobalSection
	GlobalSection(ProjectConfigurationPlatforms) = postSolution
		{22ECB4B7-0FE9-4940-8D22-307B4E2AB58C}.Debug|Any CPU.ActiveCfg = Debug|Any CPU
		{22ECB4B7-0FE9-4940-8D22-307B4E2AB58C}.Debug|Any CPU.Build.0 = Debug|Any CPU
		{22ECB4B7-0FE9-4940-8D22-307B4E2AB58C}.Release|Any CPU.ActiveCfg = Release|Any CPU
		{22ECB4B7-0FE9-4940-8D22-307B4E2AB58C}.Release|Any CPU.Build.0 = Release|Any CPU
	EndGlobalSection
EndGlobal
